
Microsoft Visual Studio Solution File, Format Version 12.00
# Visual Studio Version 17
VisualStudioVersion = 17.3.32721.290
MinimumVisualStudioVersion = 10.0.40219.1
Project("{FAE04EC0-301F-11D3-BF4B-00C04F79EFBC}") = "Launcher", "Launcher\Launcher.csproj", "{BDB5B37A-B8A4-43F9-97EE-FF22CA09250E}"
	ProjectSection(ProjectDependencies) = postProject
		{96BCE005-61EC-48F7-B893-2B34F0B95FB1} = {96BCE005-61EC-48F7-B893-2B34F0B95FB1}
	EndProjectSection
EndProject
Project("{FAE04EC0-301F-11D3-BF4B-00C04F79EFBC}") = "TCPServer", "TCPServer\TCPServer.csproj", "{96BCE005-61EC-48F7-B893-2B34F0B95FB1}"
EndProject
Global
	GlobalSection(SolutionConfigurationPlatforms) = preSolution
		Debug|Any CPU = Debug|Any CPU
		Release|Any CPU = Release|Any CPU
	EndGlobalSection
	GlobalSection(ProjectConfigurationPlatforms) = postSolution
		{BDB5B37A-B8A4-43F9-97EE-FF22CA09250E}.Debug|Any CPU.ActiveCfg = Debug|Any CPU
		{BDB5B37A-B8A4-43F9-97EE-FF22CA09250E}.Debug|Any CPU.Build.0 = Debug|Any CPU
		{BDB5B37A-B8A4-43F9-97EE-FF22CA09250E}.Release|Any CPU.ActiveCfg = Release|Any CPU
		{BDB5B37A-B8A4-43F9-97EE-FF22CA09250E}.Release|Any CPU.Build.0 = Release|Any CPU
		{96BCE005-61EC-48F7-B893-2B34F0B95FB1}.Debug|Any CPU.ActiveCfg = Debug|Any CPU
		{96BCE005-61EC-48F7-B893-2B34F0B95FB1}.Debug|Any CPU.Build.0 = Debug|Any CPU
		{96BCE005-61EC-48F7-B893-2B34F0B95FB1}.Release|Any CPU.ActiveCfg = Release|Any CPU
		{96BCE005-61EC-48F7-B893-2B34F0B95FB1}.Release|Any CPU.Build.0 = Release|Any CPU
	EndGlobalSection
	GlobalSection(SolutionProperties) = preSolution
		HideSolutionNode = FALSE
	EndGlobalSection
	GlobalSection(ExtensibilityGlobals) = postSolution
		SolutionGuid = {A8797767-E874-4C83-BA27-4F03C48EF7C8}
	EndGlobalSection
EndGlobal
